// !$*UTF8*$!
{
	archiveVersion = 1;
	classes = {
	};
	objectVersion = 55;
	objects = {

/* Begin PBXBuildFile section */
		0A88456726734E5A00522557 /* Tests_iOS.swift in Sources */ = {isa = PBXBuildFile; fileRef = 0A88456626734E5A00522557 /* Tests_iOS.swift */; };
		0A88457126734E5A00522557 /* Tests_macOS.swift in Sources */ = {isa = PBXBuildFile; fileRef = 0A88457026734E5A00522557 /* Tests_macOS.swift */; };
		0A88457226734E5A00522557 /* XCode_13_Keyboard_Done_ButtonApp.swift in Sources */ = {isa = PBXBuildFile; fileRef = 0A88455026734E5900522557 /* XCode_13_Keyboard_Done_ButtonApp.swift */; };
		0A88457326734E5A00522557 /* XCode_13_Keyboard_Done_ButtonApp.swift in Sources */ = {isa = PBXBuildFile; fileRef = 0A88455026734E5900522557 /* XCode_13_Keyboard_Done_ButtonApp.swift */; };
		0A88457426734E5A00522557 /* ContentView.swift in Sources */ = {isa = PBXBuildFile; fileRef = 0A88455126734E5900522557 /* ContentView.swift */; };
		0A88457526734E5A00522557 /* ContentView.swift in Sources */ = {isa = PBXBuildFile; fileRef = 0A88455126734E5900522557 /* ContentView.swift */; };
		0A88457626734E5A00522557 /* Assets.xcassets in Resources */ = {isa = PBXBuildFile; fileRef = 0A88455226734E5A00522557 /* Assets.xcassets */; };
		0A88457726734E5A00522557 /* Assets.xcassets in Resources */ = {isa = PBXBuildFile; fileRef = 0A88455226734E5A00522557 /* Assets.xcassets */; };
/* End PBXBuildFile section */

/* Begin PBXContainerItemProxy section */
		0A88456326734E5A00522557 /* PBXContainerItemProxy */ = {
			isa = PBXContainerItemProxy;
			containerPortal = 0A88454B26734E5900522557 /* Project object */;
			proxyType = 1;
			remoteGlobalIDString = 0A88455626734E5A00522557;
			remoteInfo = "XCode 13 Keyboard Done Button (iOS)";
		};
		0A88456D26734E5A00522557 /* PBXContainerItemProxy */ = {
			isa = PBXContainerItemProxy;
			containerPortal = 0A88454B26734E5900522557 /* Project object */;
			proxyType = 1;
			remoteGlobalIDString = 0A88455C26734E5A00522557;
			remoteInfo = "XCode 13 Keyboard Done Button (macOS)";
		};
/* End PBXContainerItemProxy section */

/* Begin PBXFileReference section */
		0A88455026734E5900522557 /* XCode_13_Keyboard_Done_ButtonApp.swift */ = {isa = PBXFileReference; lastKnownFileType = sourcecode.swift; path = XCode_13_Keyboard_Done_ButtonApp.swift; sourceTree = "<group>"; };
		0A88455126734E5900522557 /* ContentView.swift */ = {isa = PBXFileReference; lastKnownFileType = sourcecode.swift; path = ContentView.swift; sourceTree = "<group>"; };
		0A88455226734E5A00522557 /* Assets.xcassets */ = {isa = PBXFileReference; lastKnownFileType = folder.assetcatalog; path = Assets.xcassets; sourceTree = "<group>"; };
		0A88455726734E5A00522557 /* XCode 13 Keyboard Done Button.app */ = {isa = PBXFileReference; explicitFileType = wrapper.application; includeInIndex = 0; path = "XCode 13 Keyboard Done Button.app"; sourceTree = BUILT_PRODUCTS_DIR; };
		0A88455D26734E5A00522557 /* XCode 13 Keyboard Done Button.app */ = {isa = PBXFileReference; explicitFileType = wrapper.application; includeInIndex = 0; path = "XCode 13 Keyboard Done Button.app"; sourceTree = BUILT_PRODUCTS_DIR; };
		0A88456226734E5A00522557 /* Tests iOS.xctest */ = {isa = PBXFileReference; explicitFileType = wrapper.cfbundle; includeInIndex = 0; path = "Tests iOS.xctest"; sourceTree = BUILT_PRODUCTS_DIR; };
		0A88456626734E5A00522557 /* Tests_iOS.swift */ = {isa = PBXFileReference; lastKnownFileType = sourcecode.swift; path = Tests_iOS.swift; sourceTree = "<group>"; };
		0A88456C26734E5A00522557 /* Tests macOS.xctest */ = {isa = PBXFileReference; explicitFileType = wrapper.cfbundle; includeInIndex = 0; path = "Tests macOS.xctest"; sourceTree = BUILT_PRODUCTS_DIR; };
		0A88457026734E5A00522557 /* Tests_macOS.swift */ = {isa = PBXFileReference; lastKnownFileType = sourcecode.swift; path = Tests_macOS.swift; sourceTree = "<group>"; };
		0A88458626734EB600522557 /* XCode-13-Keyboard-Done-Button--iOS--Info.plist */ = {isa = PBXFileReference; lastKnownFileType = text.plist; path = "XCode-13-Keyboard-Done-Button--iOS--Info.plist"; sourceTree = "<group>"; };
/* End PBXFileReference section */

/* Begin PBXFrameworksBuildPhase section */
		0A88455426734E5A00522557 /* Frameworks */ = {
			isa = PBXFrameworksBuildPhase;
			buildActionMask = 2147483647;
			files = (
			);
			runOnlyForDeploymentPostprocessing = 0;
		};
		0A88455A26734E5A00522557 /* Frameworks */ = {
			isa = PBXFrameworksBuildPhase;
			buildActionMask = 2147483647;
			files = (
			);
			runOnlyForDeploymentPostprocessing = 0;
		};
		0A88455F26734E5A00522557 /* Frameworks */ = {
			isa = PBXFrameworksBuildPhase;
			buildActionMask = 2147483647;
			files = (
			);
			runOnlyForDeploymentPostprocessing = 0;
		};
		0A88456926734E5A00522557 /* Frameworks */ = {
			isa = PBXFrameworksBuildPhase;
			buildActionMask = 2147483647;
			files = (
			);
			runOnlyForDeploymentPostprocessing = 0;
		};
/* End PBXFrameworksBuildPhase section */

/* Begin PBXGroup section */
		0A88454A26734E5900522557 = {
			isa = PBXGroup;
			children = (
				0A88458626734EB600522557 /* XCode-13-Keyboard-Done-Button--iOS--Info.plist */,
				0A88454F26734E5900522557 /* Shared */,
				0A88456526734E5A00522557 /* Tests iOS */,
				0A88456F26734E5A00522557 /* Tests macOS */,
				0A88455826734E5A00522557 /* Products */,
			);
			sourceTree = "<group>";
		};
		0A88454F26734E5900522557 /* Shared */ = {
			isa = PBXGroup;
			children = (
				0A88455026734E5900522557 /* XCode_13_Keyboard_Done_ButtonApp.swift */,
				0A88455126734E5900522557 /* ContentView.swift */,
				0A88455226734E5A00522557 /* Assets.xcassets */,
			);
			path = Shared;
			sourceTree = "<group>";
		};
		0A88455826734E5A00522557 /* Products */ = {
			isa = PBXGroup;
			children = (
				0A88455726734E5A00522557 /* XCode 13 Keyboard Done Button.app */,
				0A88455D26734E5A00522557 /* XCode 13 Keyboard Done Button.app */,
				0A88456226734E5A00522557 /* Tests iOS.xctest */,
				0A88456C26734E5A00522557 /* Tests macOS.xctest */,
			);
			name = Products;
			sourceTree = "<group>";
		};
		0A88456526734E5A00522557 /* Tests iOS */ = {
			isa = PBXGroup;
			children = (
				0A88456626734E5A00522557 /* Tests_iOS.swift */,
			);
			path = "Tests iOS";
			sourceTree = "<group>";
		};
		0A88456F26734E5A00522557 /* Tests macOS */ = {
			isa = PBXGroup;
			children = (
				0A88457026734E5A00522557 /* Tests_macOS.swift */,
			);
			path = "Tests macOS";
			sourceTree = "<group>";
		};
/* End PBXGroup section */

/* Begin PBXNativeTarget section */
		0A88455626734E5A00522557 /* XCode 13 Keyboard Done Button (iOS) */ = {
			isa = PBXNativeTarget;
			buildConfigurationList = 0A88457A26734E5A00522557 /* Build configuration list for PBXNativeTarget "XCode 13 Keyboard Done Button (iOS)" */;
			buildPhases = (
				0A88455326734E5A00522557 /* Sources */,
				0A88455426734E5A00522557 /* Frameworks */,
				0A88455526734E5A00522557 /* Resources */,
			);
			buildRules = (
			);
			dependencies = (
			);
			name = "XCode 13 Keyboard Done Button (iOS)";
			productName = "XCode 13 Keyboard Done Button (iOS)";
			productReference = 0A88455726734E5A00522557 /* XCode 13 Keyboard Done Button.app */;
			productType = "com.apple.product-type.application";
		};
		0A88455C26734E5A00522557 /* XCode 13 Keyboard Done Button (macOS) */ = {
			isa = PBXNativeTarget;
			buildConfigurationList = 0A88457D26734E5A00522557 /* Build configuration list for PBXNativeTarget "XCode 13 Keyboard Done Button (macOS)" */;
			buildPhases = (
				0A88455926734E5A00522557 /* Sources */,
				0A88455A26734E5A00522557 /* Frameworks */,
				0A88455B26734E5A00522557 /* Resources */,
			);
			buildRules = (
			);
			dependencies = (
			);
			name = "XCode 13 Keyboard Done Button (macOS)";
			productName = "XCode 13 Keyboard Done Button (macOS)";
			productReference = 0A88455D26734E5A00522557 /* XCode 13 Keyboard Done Button.app */;
			productType = "com.apple.product-type.application";
		};
		0A88456126734E5A00522557 /* Tests iOS */ = {
			isa = PBXNativeTarget;
			buildConfigurationList = 0A88458026734E5A00522557 /* Build configuration list for PBXNativeTarget "Tests iOS" */;
			buildPhases = (
				0A88455E26734E5A00522557 /* Sources */,
				0A88455F26734E5A00522557 /* Frameworks */,
				0A88456026734E5A00522557 /* Resources */,
			);
			buildRules = (
			);
			dependencies = (
				0A88456426734E5A00522557 /* PBXTargetDependency */,
			);
			name = "Tests iOS";
			productName = "Tests iOS";
			productReference = 0A88456226734E5A00522557 /* Tests iOS.xctest */;
			productType = "com.apple.product-type.bundle.ui-testing";
		};
		0A88456B26734E5A00522557 /* Tests macOS */ = {
			isa = PBXNativeTarget;
			buildConfigurationList = 0A88458326734E5A00522557 /* Build configuration list for PBXNativeTarget "Tests macOS" */;
			buildPhases = (
				0A88456826734E5A00522557 /* Sources */,
				0A88456926734E5A00522557 /* Frameworks */,
				0A88456A26734E5A00522557 /* Resources */,
			);
			buildRules = (
			);
			dependencies = (
				0A88456E26734E5A00522557 /* PBXTargetDependency */,
			);
			name = "Tests macOS";
			productName = "Tests macOS";
			productReference = 0A88456C26734E5A00522557 /* Tests macOS.xctest */;
			productType = "com.apple.product-type.bundle.ui-testing";
		};
/* End PBXNativeTarget section */

/* Begin PBXProject section */
		0A88454B26734E5900522557 /* Project object */ = {
			isa = PBXProject;
			attributes = {
				BuildIndependentTargetsInParallel = 1;
				LastSwiftUpdateCheck = 1300;
				LastUpgradeCheck = 1300;
				TargetAttributes = {
					0A88455626734E5A00522557 = {
						CreatedOnToolsVersion = 13.0;
					};
					0A88455C26734E5A00522557 = {
						CreatedOnToolsVersion = 13.0;
					};
					0A88456126734E5A00522557 = {
						CreatedOnToolsVersion = 13.0;
						TestTargetID = 0A88455626734E5A00522557;
					};
					0A88456B26734E5A00522557 = {
						CreatedOnToolsVersion = 13.0;
						TestTargetID = 0A88455C26734E5A00522557;
					};
				};
			};
			buildConfigurationList = 0A88454E26734E5900522557 /* Build configuration list for PBXProject "XCode 13 Keyboard Done Button" */;
			compatibilityVersion = "Xcode 13.0";
			developmentRegion = en;
			hasScannedForEncodings = 0;
			knownRegions = (
				en,
				Base,
			);
			mainGroup = 0A88454A26734E5900522557;
			productRefGroup = 0A88455826734E5A00522557 /* Products */;
			projectDirPath = "";
			projectRoot = "";
			targets = (
				0A88455626734E5A00522557 /* XCode 13 Keyboard Done Button (iOS) */,
				0A88455C26734E5A00522557 /* XCode 13 Keyboard Done Button (macOS) */,
				0A88456126734E5A00522557 /* Tests iOS */,
				0A88456B26734E5A00522557 /* Tests macOS */,
			);
		};
/* End PBXProject section */

/* Begin PBXResourcesBuildPhase section */
		0A88455526734E5A00522557 /* Resources */ = {
			isa = PBXResourcesBuildPhase;
			buildActionMask = 2147483647;
			files = (
				0A88457626734E5A00522557 /* Assets.xcassets in Resources */,
			);
			runOnlyForDeploymentPostprocessing = 0;
		};
		0A88455B26734E5A00522557 /* Resources */ = {
			isa = PBXResourcesBuildPhase;
			buildActionMask = 2147483647;
			files = (
				0A88457726734E5A00522557 /* Assets.xcassets in Resources */,
			);
			runOnlyForDeploymentPostprocessing = 0;
		};
		0A88456026734E5A00522557 /* Resources */ = {
			isa = PBXResourcesBuildPhase;
			buildActionMask = 2147483647;
			files = (
			);
			runOnlyForDeploymentPostprocessing = 0;
		};
		0A88456A26734E5A00522557 /* Resources */ = {
			isa = PBXResourcesBuildPhase;
			buildActionMask = 2147483647;
			files = (
			);
			runOnlyForDeploymentPostprocessing = 0;
		};
/* End PBXResourcesBuildPhase section */

/* Begin PBXSourcesBuildPhase section */
		0A88455326734E5A00522557 /* Sources */ = {
			isa = PBXSourcesBuildPhase;
			buildActionMask = 2147483647;
			files = (
				0A88457426734E5A00522557 /* ContentView.swift in Sources */,
				0A88457226734E5A00522557 /* XCode_13_Keyboard_Done_ButtonApp.swift in Sources */,
			);
			runOnlyForDeploymentPostprocessing = 0;
		};
		0A88455926734E5A00522557 /* Sources */ = {
			isa = PBXSourcesBuildPhase;
			buildActionMask = 2147483647;
			files = (
				0A88457526734E5A00522557 /* ContentView.swift in Sources */,
				0A88457326734E5A00522557 /* XCode_13_Keyboard_Done_ButtonApp.swift in Sources */,
			);
			runOnlyForDeploymentPostprocessing = 0;
		};
		0A88455E26734E5A00522557 /* Sources */ = {
			isa = PBXSourcesBuildPhase;
			buildActionMask = 2147483647;
			files = (
				0A88456726734E5A00522557 /* Tests_iOS.swift in Sources */,
			);
			runOnlyForDeploymentPostprocessing = 0;
		};
		0A88456826734E5A00522557 /* Sources */ = {
			isa = PBXSourcesBuildPhase;
			buildActionMask = 2147483647;
			files = (
				0A88457126734E5A00522557 /* Tests_macOS.swift in Sources */,
			);
			runOnlyForDeploymentPostprocessing = 0;
		};
/* End PBXSourcesBuildPhase section */

/* Begin PBXTargetDependency section */
		0A88456426734E5A00522557 /* PBXTargetDependency */ = {
			isa = PBXTargetDependency;
			target = 0A88455626734E5A00522557 /* XCode 13 Keyboard Done Button (iOS) */;
			targetProxy = 0A88456326734E5A00522557 /* PBXContainerItemProxy */;
		};
		0A88456E26734E5A00522557 /* PBXTargetDependency */ = {
			isa = PBXTargetDependency;
			target = 0A88455C26734E5A00522557 /* XCode 13 Keyboard Done Button (macOS) */;
			targetProxy = 0A88456D26734E5A00522557 /* PBXContainerItemProxy */;
		};
/* End PBXTargetDependency section */

/* Begin XCBuildConfiguration section */
		0A88457826734E5A00522557 /* Debug */ = {
			isa = XCBuildConfiguration;
			buildSettings = {
				ALWAYS_SEARCH_USER_PATHS = NO;
				CLANG_ANALYZER_NONNULL = YES;
				CLANG_ANALYZER_NUMBER_OBJECT_CONVERSION = YES_AGGRESSIVE;
				CLANG_CXX_LANGUAGE_STANDARD = "gnu++14";
				CLANG_CXX_LIBRARY = "libc++";
				CLANG_ENABLE_MODULES = YES;
				CLANG_ENABLE_OBJC_ARC = YES;
				CLANG_ENABLE_OBJC_WEAK = YES;
				CLANG_WARN_BLOCK_CAPTURE_AUTORELEASING = YES;
				CLANG_WARN_BOOL_CONVERSION = YES;
				CLANG_WARN_COMMA = YES;
				CLANG_WARN_CONSTANT_CONVERSION = YES;
				CLANG_WARN_DEPRECATED_OBJC_IMPLEMENTATIONS = YES;
				CLANG_WARN_DIRECT_OBJC_ISA_USAGE = YES_ERROR;
				CLANG_WARN_DOCUMENTATION_COMMENTS = YES;
				CLANG_WARN_EMPTY_BODY = YES;
				CLANG_WARN_ENUM_CONVERSION = YES;
				CLANG_WARN_INFINITE_RECURSION = YES;
				CLANG_WARN_INT_CONVERSION = YES;
				CLANG_WARN_NON_LITERAL_NULL_CONVERSION = YES;
				CLANG_WARN_OBJC_IMPLICIT_RETAIN_SELF = YES;
				CLANG_WARN_OBJC_LITERAL_CONVERSION = YES;
				CLANG_WARN_OBJC_ROOT_CLASS = YES_ERROR;
				CLANG_WARN_QUOTED_INCLUDE_IN_FRAMEWORK_HEADER = YES;
				CLANG_WARN_RANGE_LOOP_ANALYSIS = YES;
				CLANG_WARN_STRICT_PROTOTYPES = YES;
				CLANG_WARN_SUSPICIOUS_MOVE = YES;
				CLANG_WARN_UNGUARDED_AVAILABILITY = YES_AGGRESSIVE;
				CLANG_WARN_UNREACHABLE_CODE = YES;
				CLANG_WARN__DUPLICATE_METHOD_MATCH = YES;
				COPY_PHASE_STRIP = NO;
				DEBUG_INFORMATION_FORMAT = dwarf;
				ENABLE_STRICT_OBJC_MSGSEND = YES;
				ENABLE_TESTABILITY = YES;
				GCC_C_LANGUAGE_STANDARD = gnu11;
				GCC_DYNAMIC_NO_PIC = NO;
				GCC_NO_COMMON_BLOCKS = YES;
				GCC_OPTIMIZATION_LEVEL = 0;
				GCC_PREPROCESSOR_DEFINITIONS = (
					"DEBUG=1",
					"$(inherited)",
				);
				GCC_WARN_64_TO_32_BIT_CONVERSION = YES;
				GCC_WARN_ABOUT_RETURN_TYPE = YES_ERROR;
				GCC_WARN_UNDECLARED_SELECTOR = YES;
				GCC_WARN_UNINITIALIZED_AUTOS = YES_AGGRESSIVE;
				GCC_WARN_UNUSED_FUNCTION = YES;
				GCC_WARN_UNUSED_VARIABLE = YES;
				MTL_ENABLE_DEBUG_INFO = INCLUDE_SOURCE;
				MTL_FAST_MATH = YES;
				ONLY_ACTIVE_ARCH = YES;
				SWIFT_ACTIVE_COMPILATION_CONDITIONS = DEBUG;
				SWIFT_OPTIMIZATION_LEVEL = "-Onone";
			};
			name = Debug;
		};
		0A88457926734E5A00522557 /* Release */ = {
			isa = XCBuildConfiguration;
			buildSettings = {
				ALWAYS_SEARCH_USER_PATHS = NO;
				CLANG_ANALYZER_NONNULL = YES;
				CLANG_ANALYZER_NUMBER_OBJECT_CONVERSION = YES_AGGRESSIVE;
				CLANG_CXX_LANGUAGE_STANDARD = "gnu++14";
				CLANG_CXX_LIBRARY = "libc++";
				CLANG_ENABLE_MODULES = YES;
				CLANG_ENABLE_OBJC_ARC = YES;
				CLANG_ENABLE_OBJC_WEAK = YES;
				CLANG_WARN_BLOCK_CAPTURE_AUTORELEASING = YES;
				CLANG_WARN_BOOL_CONVERSION = YES;
				CLANG_WARN_COMMA = YES;
				CLANG_WARN_CONSTANT_CONVERSION = YES;
				CLANG_WARN_DEPRECATED_OBJC_IMPLEMENTATIONS = YES;
				CLANG_WARN_DIRECT_OBJC_ISA_USAGE = YES_ERROR;
				CLANG_WARN_DOCUMENTATION_COMMENTS = YES;
				CLANG_WARN_EMPTY_BODY = YES;
				CLANG_WARN_ENUM_CONVERSION = YES;
				CLANG_WARN_INFINITE_RECURSION = YES;
				CLANG_WARN_INT_CONVERSION = YES;
				CLANG_WARN_NON_LITERAL_NULL_CONVERSION = YES;
				CLANG_WARN_OBJC_IMPLICIT_RETAIN_SELF = YES;
				CLANG_WARN_OBJC_LITERAL_CONVERSION = YES;
				CLANG_WARN_OBJC_ROOT_CLASS = YES_ERROR;
				CLANG_WARN_QUOTED_INCLUDE_IN_FRAMEWORK_HEADER = YES;
				CLANG_WARN_RANGE_LOOP_ANALYSIS = YES;
				CLANG_WARN_STRICT_PROTOTYPES = YES;
				CLANG_WARN_SUSPICIOUS_MOVE = YES;
				CLANG_WARN_UNGUARDED_AVAILABILITY = YES_AGGRESSIVE;
				CLANG_WARN_UNREACHABLE_CODE = YES;
				CLANG_WARN__DUPLICATE_METHOD_MATCH = YES;
				COPY_PHASE_STRIP = NO;
				DEBUG_INFORMATION_FORMAT = "dwarf-with-dsym";
				ENABLE_NS_ASSERTIONS = NO;
				ENABLE_STRICT_OBJC_MSGSEND = YES;
				GCC_C_LANGUAGE_STANDARD = gnu11;
				GCC_NO_COMMON_BLOCKS = YES;
				GCC_WARN_64_TO_32_BIT_CONVERSION = YES;
				GCC_WARN_ABOUT_RETURN_TYPE = YES_ERROR;
				GCC_WARN_UNDECLARED_SELECTOR = YES;
				GCC_WARN_UNINITIALIZED_AUTOS = YES_AGGRESSIVE;
				GCC_WARN_UNUSED_FUNCTION = YES;
				GCC_WARN_UNUSED_VARIABLE = YES;
				MTL_ENABLE_DEBUG_INFO = NO;
				MTL_FAST_MATH = YES;
				SWIFT_COMPILATION_MODE = wholemodule;
				SWIFT_OPTIMIZATION_LEVEL = "-O";
			};
			name = Release;
		};
		0A88457B26734E5A00522557 /* Debug */ = {
			isa = XCBuildConfiguration;
			buildSettings = {
				ASSETCATALOG_COMPILER_APPICON_NAME = AppIcon;
				ASSETCATALOG_COMPILER_GLOBAL_ACCENT_COLOR_NAME = AccentColor;
				CODE_SIGN_STYLE = Automatic;
				CURRENT_PROJECT_VERSION = 1;
				DEVELOPMENT_TEAM = RV78ENMXZ2;
				ENABLE_PREVIEWS = YES;
				GENERATE_INFOPLIST_FILE = YES;
				INFOPLIST_FILE = "XCode-13-Keyboard-Done-Button--iOS--Info.plist";
				INFOPLIST_KEY_CFBundleDisplayName = "Done Button";
				INFOPLIST_KEY_CFBundleExecutable = "XCode 13 Keyboard Done Button";
				INFOPLIST_KEY_CFBundleName = "XCode 13 Keyboard Done Button";
				INFOPLIST_KEY_CFBundleVersion = 1;
				INFOPLIST_KEY_UIApplicationSceneManifest_Generation = YES;
				INFOPLIST_KEY_UIApplicationSupportsIndirectInputEvents = YES;
				INFOPLIST_KEY_UILaunchScreen_Generation = YES;
				INFOPLIST_KEY_UISupportedInterfaceOrientations_iPad = "UIInterfaceOrientationPortrait UIInterfaceOrientationPortraitUpsideDown UIInterfaceOrientationLandscapeLeft UIInterfaceOrientationLandscapeRight";
				INFOPLIST_KEY_UISupportedInterfaceOrientations_iPhone = "UIInterfaceOrientationPortrait UIInterfaceOrientationLandscapeLeft UIInterfaceOrientationLandscapeRight";
				IPHONEOS_DEPLOYMENT_TARGET = 15.0;
				LD_RUNPATH_SEARCH_PATHS = (
					"$(inherited)",
					"@executable_path/Frameworks",
				);
				MARKETING_VERSION = 1.0;
				PRODUCT_BUNDLE_IDENTIFIER = "com.luckdev.XCode-13-Keyboard-Done-Button";
				PRODUCT_NAME = "XCode 13 Keyboard Done Button";
				SDKROOT = iphoneos;
				SWIFT_EMIT_LOC_STRINGS = YES;
				SWIFT_VERSION = 5.0;
				TARGETED_DEVICE_FAMILY = 1;
			};
			name = Debug;
		};
		0A88457C26734E5A00522557 /* Release */ = {
			isa = XCBuildConfiguration;
			buildSettings = {
				ASSETCATALOG_COMPILER_APPICON_NAME = AppIcon;
				ASSETCATALOG_COMPILER_GLOBAL_ACCENT_COLOR_NAME = AccentColor;
				CODE_SIGN_STYLE = Automatic;
				CURRENT_PROJECT_VERSION = 1;
				DEVELOPMENT_TEAM = RV78ENMXZ2;
				ENABLE_PREVIEWS = YES;
				GENERATE_INFOPLIST_FILE = YES;
				INFOPLIST_FILE = "XCode-13-Keyboard-Done-Button--iOS--Info.plist";
				INFOPLIST_KEY_CFBundleDisplayName = "Done Button";
				INFOPLIST_KEY_CFBundleExecutable = "XCode 13 Keyboard Done Button";
				INFOPLIST_KEY_CFBundleName = "XCode 13 Keyboard Done Button";
				INFOPLIST_KEY_CFBundleVersion = 1;
				INFOPLIST_KEY_UIApplicationSceneManifest_Generation = YES;
				INFOPLIST_KEY_UIApplicationSupportsIndirectInputEvents = YES;
				INFOPLIST_KEY_UILaunchScreen_Generation = YES;
				INFOPLIST_KEY_UISupportedInterfaceOrientations_iPad = "UIInterfaceOrientationPortrait UIInterfaceOrientationPortraitUpsideDown UIInterfaceOrientationLandscapeLeft UIInterfaceOrientationLandscapeRight";
				INFOPLIST_KEY_UISupportedInterfaceOrientations_iPhone = "UIInterfaceOrientationPortrait UIInterfaceOrientationLandscapeLeft UIInterfaceOrientationLandscapeRight";
				IPHONEOS_DEPLOYMENT_TARGET = 15.0;
				LD_RUNPATH_SEARCH_PATHS = (
					"$(inherited)",
					"@executable_path/Frameworks",
				);
				MARKETING_VERSION = 1.0;
				PRODUCT_BUNDLE_IDENTIFIER = "com.luckdev.XCode-13-Keyboard-Done-Button";
				PRODUCT_NAME = "XCode 13 Keyboard Done Button";
				SDKROOT = iphoneos;
				SWIFT_EMIT_LOC_STRINGS = YES;
				SWIFT_VERSION = 5.0;
				TARGETED_DEVICE_FAMILY = 1;
				VALIDATE_PRODUCT = YES;
			};
			name = Release;
		};
		0A88457E26734E5A00522557 /* Debug */ = {
			isa = XCBuildConfiguration;
			buildSettings = {
				ASSETCATALOG_COMPILER_APPICON_NAME = AppIcon;
				ASSETCATALOG_COMPILER_GLOBAL_ACCENT_COLOR_NAME = AccentColor;
				CODE_SIGN_STYLE = Automatic;
				COMBINE_HIDPI_IMAGES = YES;
				CURRENT_PROJECT_VERSION = 1;
				DEVELOPMENT_TEAM = RV78ENMXZ2;
				ENABLE_APP_SANDBOX = YES;
				ENABLE_HARDENED_RUNTIME = YES;
				ENABLE_PREVIEWS = YES;
				ENABLE_USER_SELECTED_FILES = readonly;
				GENERATE_INFOPLIST_FILE = YES;
				INFOPLIST_KEY_NSHumanReadableCopyright = "";
				LD_RUNPATH_SEARCH_PATHS = (
					"$(inherited)",
					"@executable_path/../Frameworks",
				);
				MACOSX_DEPLOYMENT_TARGET = 11.0;
				MARKETING_VERSION = 1.0;
				PRODUCT_BUNDLE_IDENTIFIER = "com.luckdev.XCode-13-Keyboard-Done-Button";
				PRODUCT_NAME = "XCode 13 Keyboard Done Button";
				SDKROOT = macosx;
				SWIFT_EMIT_LOC_STRINGS = YES;
				SWIFT_VERSION = 5.0;
			};
			name = Debug;
		};
		0A88457F26734E5A00522557 /* Release */ = {
			isa = XCBuildConfiguration;
			buildSettings = {
				ASSETCATALOG_COMPILER_APPICON_NAME = AppIcon;
				ASSETCATALOG_COMPILER_GLOBAL_ACCENT_COLOR_NAME = AccentColor;
				CODE_SIGN_STYLE = Automatic;
				COMBINE_HIDPI_IMAGES = YES;
				CURRENT_PROJECT_VERSION = 1;
				DEVELOPMENT_TEAM = RV78ENMXZ2;
				ENABLE_APP_SANDBOX = YES;
				ENABLE_HARDENED_RUNTIME = YES;
				ENABLE_PREVIEWS = YES;
				ENABLE_USER_SELECTED_FILES = readonly;
				GENERATE_INFOPLIST_FILE = YES;
				INFOPLIST_KEY_NSHumanReadableCopyright = "";
				LD_RUNPATH_SEARCH_PATHS = (
					"$(inherited)",
					"@executable_path/../Frameworks",
				);
				MACOSX_DEPLOYMENT_TARGET = 11.0;
				MARKETING_VERSION = 1.0;
				PRODUCT_BUNDLE_IDENTIFIER = "com.luckdev.XCode-13-Keyboard-Done-Button";
				PRODUCT_NAME = "XCode 13 Keyboard Done Button";
				SDKROOT = macosx;
				SWIFT_EMIT_LOC_STRINGS = YES;
				SWIFT_VERSION = 5.0;
			};
			name = Release;
		};
		0A88458126734E5A00522557 /* Debug */ = {
			isa = XCBuildConfiguration;
			buildSettings = {
				ALWAYS_EMBED_SWIFT_STANDARD_LIBRARIES = YES;
				CODE_SIGN_STYLE = Automatic;
				CURRENT_PROJECT_VERSION = 1;
				DEVELOPMENT_TEAM = RV78ENMXZ2;
				GENERATE_INFOPLIST_FILE = YES;
				IPHONEOS_DEPLOYMENT_TARGET = 15.0;
				LD_RUNPATH_SEARCH_PATHS = (
					"$(inherited)",
					"@executable_path/Frameworks",
					"@loader_path/Frameworks",
				);
				MARKETING_VERSION = 1.0;
				PRODUCT_BUNDLE_IDENTIFIER = "com.luckdev.Tests-iOS";
				PRODUCT_NAME = "$(TARGET_NAME)";
				SDKROOT = iphoneos;
				SWIFT_EMIT_LOC_STRINGS = NO;
				SWIFT_VERSION = 5.0;
				TARGETED_DEVICE_FAMILY = "1,2";
				TEST_TARGET_NAME = "XCode 13 Keyboard Done Button (iOS)";
			};
			name = Debug;
		};
		0A88458226734E5A00522557 /* Release */ = {
			isa = XCBuildConfiguration;
			buildSettings = {
				ALWAYS_EMBED_SWIFT_STANDARD_LIBRARIES = YES;
				CODE_SIGN_STYLE = Automatic;
				CURRENT_PROJECT_VERSION = 1;
				DEVELOPMENT_TEAM = RV78ENMXZ2;
				GENERATE_INFOPLIST_FILE = YES;
				IPHONEOS_DEPLOYMENT_TARGET = 15.0;
				LD_RUNPATH_SEARCH_PATHS = (
					"$(inherited)",
					"@executable_path/Frameworks",
					"@loader_path/Frameworks",
				);
				MARKETING_VERSION = 1.0;
				PRODUCT_BUNDLE_IDENTIFIER = "com.luckdev.Tests-iOS";
				PRODUCT_NAME = "$(TARGET_NAME)";
				SDKROOT = iphoneos;
				SWIFT_EMIT_LOC_STRINGS = NO;
				SWIFT_VERSION = 5.0;
				TARGETED_DEVICE_FAMILY = "1,2";
				TEST_TARGET_NAME = "XCode 13 Keyboard Done Button (iOS)";
				VALIDATE_PRODUCT = YES;
			};
			name = Release;
		};
		0A88458426734E5A00522557 /* Debug */ = {
			isa = XCBuildConfiguration;
			buildSettings = {
				ALWAYS_EMBED_SWIFT_STANDARD_LIBRARIES = YES;
				CODE_SIGN_STYLE = Automatic;
				COMBINE_HIDPI_IMAGES = YES;
				CURRENT_PROJECT_VERSION = 1;
				DEVELOPMENT_TEAM = RV78ENMXZ2;
				GENERATE_INFOPLIST_FILE = YES;
				LD_RUNPATH_SEARCH_PATHS = (
					"$(inherited)",
					"@executable_path/../Frameworks",
					"@loader_path/../Frameworks",
				);
				MACOSX_DEPLOYMENT_TARGET = 12.0;
				MARKETING_VERSION = 1.0;
				PRODUCT_BUNDLE_IDENTIFIER = "com.luckdev.Tests-macOS";
				PRODUCT_NAME = "$(TARGET_NAME)";
				SDKROOT = macosx;
				SWIFT_EMIT_LOC_STRINGS = NO;
				SWIFT_VERSION = 5.0;
				TEST_TARGET_NAME = "XCode 13 Keyboard Done Button (macOS)";
			};
			name = Debug;
		};
		0A88458526734E5A00522557 /* Release */ = {
			isa = XCBuildConfiguration;
			buildSettings = {
				ALWAYS_EMBED_SWIFT_STANDARD_LIBRARIES = YES;
				CODE_SIGN_STYLE = Automatic;
				COMBINE_HIDPI_IMAGES = YES;
				CURRENT_PROJECT_VERSION = 1;
				DEVELOPMENT_TEAM = RV78ENMXZ2;
				GENERATE_INFOPLIST_FILE = YES;
				LD_RUNPATH_SEARCH_PATHS = (
					"$(inherited)",
					"@executable_path/../Frameworks",
					"@loader_path/../Frameworks",
				);
				MACOSX_DEPLOYMENT_TARGET = 12.0;
				MARKETING_VERSION = 1.0;
				PRODUCT_BUNDLE_IDENTIFIER = "com.luckdev.Tests-macOS";
				PRODUCT_NAME = "$(TARGET_NAME)";
				SDKROOT = macosx;
				SWIFT_EMIT_LOC_STRINGS = NO;
				SWIFT_VERSION = 5.0;
				TEST_TARGET_NAME = "XCode 13 Keyboard Done Button (macOS)";
			};
			name = Release;
		};
/* End XCBuildConfiguration section */

/* Begin XCConfigurationList section */
		0A88454E26734E5900522557 /* Build configuration list for PBXProject "XCode 13 Keyboard Done Button" */ = {
			isa = XCConfigurationList;
			buildConfigurations = (
				0A88457826734E5A00522557 /* Debug */,
				0A88457926734E5A00522557 /* Release */,
			);
			defaultConfigurationIsVisible = 0;
			defaultConfigurationName = Release;
		};
		0A88457A26734E5A00522557 /* Build configuration list for PBXNativeTarget "XCode 13 Keyboard Done Button (iOS)" */ = {
			isa = XCConfigurationList;
			buildConfigurations = (
				0A88457B26734E5A00522557 /* Debug */,
				0A88457C26734E5A00522557 /* Release */,
			);
			defaultConfigurationIsVisible = 0;
			defaultConfigurationName = Release;
		};
		0A88457D26734E5A00522557 /* Build configuration list for PBXNativeTarget "XCode 13 Keyboard Done Button (macOS)" */ = {
			isa = XCConfigurationList;
			buildConfigurations = (
				0A88457E26734E5A00522557 /* Debug */,
				0A88457F26734E5A00522557 /* Release */,
			);
			defaultConfigurationIsVisible = 0;
			defaultConfigurationName = Release;
		};
		0A88458026734E5A00522557 /* Build configuration list for PBXNativeTarget "Tests iOS" */ = {
			isa = XCConfigurationList;
			buildConfigurations = (
				0A88458126734E5A00522557 /* Debug */,
				0A88458226734E5A00522557 /* Release */,
			);
			defaultConfigurationIsVisible = 0;
			defaultConfigurationName = Release;
		};
		0A88458326734E5A00522557 /* Build configuration list for PBXNativeTarget "Tests macOS" */ = {
			isa = XCConfigurationList;
			buildConfigurations = (
				0A88458426734E5A00522557 /* Debug */,
				0A88458526734E5A00522557 /* Release */,
			);
			defaultConfigurationIsVisible = 0;
			defaultConfigurationName = Release;
		};
/* End XCConfigurationList section */
	};
	rootObject = 0A88454B26734E5900522557 /* Project object */;
}
